{
  "name": "game-of-life",
  "version": "0.1.0",
  "lockfileVersion": 1,
  "requires": true,
  "dependencies": {
    "@types/classnames": {
      "version": "2.2.6",
      "resolved": "https://registry.npmjs.org/@types/classnames/-/classnames-2.2.6.tgz",
      "integrity": "sha512-XHcYvVdbtAxVstjKxuULYqYaWIzHR15yr1pZj4fnGChuBVJlIAp9StJna0ZJNSgxPh4Nac2FL4JM3M11Tm6fqQ=="
    },
    "@types/lodash": {
      "version": "4.14.118",
      "resolved": "https://registry.npmjs.org/@types/lodash/-/lodash-4.14.118.tgz",
      "integrity": "sha512-iiJbKLZbhSa6FYRip/9ZDX6HXhayXLDGY2Fqws9cOkEQ6XeKfaxB0sC541mowZJueYyMnVUmmG+al5/4fCDrgw=="
    }
  }
}
